{
    "_readme": [
        "This file locks the dependencies of your project to a known state",
        "Read more about it at https://getcomposer.org/doc/01-basic-usage.md#composer-lock-the-lock-file",
        "This file is @generated automatically"
    ],
    "content-hash": "2aa057cecc90e157bd71c5343073ad41",
    "packages": [
        {
            "name": "dayjo/alfred-workflow-helper",
            "version": "v0.1.6",
            "source": {
                "type": "git",
                "url": "https://github.com/Dayjo/alfred-workflow-helper.git",
                "reference": "04ab577b051e8f91ad19a0ef62d0d05567265daf"
            },
            "dist": {
                "type": "zip",
                "url": "https://api.github.com/repos/Dayjo/alfred-workflow-helper/zipball/04ab577b051e8f91ad19a0ef62d0d05567265daf",
                "reference": "04ab577b051e8f91ad19a0ef62d0d05567265daf",
                "shasum": ""
            },
            "type": "library",
            "autoload": {
                "psr-4": {
                    "Alfred\\": "Alfred/"
                }
            },
            "license": [
                "MIT"
            ],
            "authors": [
                {
                    "name": "Joel Day",
                    "email": "git@dayjo.me"
                }
            ],
            "description": "Helper for building alfred workflows in PHP",
            "support": {
                "source": "https://github.com/Dayjo/alfred-workflow-helper/tree/v0.1.6",
                "issues": "https://github.com/Dayjo/alfred-workflow-helper/issues"
            },
            "time": "2018-01-03T13:29:05+00:00"
        },
        {
            "name": "dayjo/php-json-handler",
            "version": "v1.0.11",
            "source": {
                "type": "git",
                "url": "https://github.com/Dayjo/php-json-handler.git",
                "reference": "v1.0.11"
            },
            "type": "library"
        }
    ],
    "packages-dev": [],
    "aliases": [],
    "minimum-stability": "stable",
    "stability-flags": [],
    "prefer-stable": false,
    "prefer-lowest": false,
    "platform": [],
    "platform-dev": []
}
